dependencies:
- name: redis
  repository: https://charts.bitnami.com/bitnami
  version: 24.0.8
- name: postgresql
  repository: https://charts.bitnami.com/bitnami
  version: 16.7.8
digest: sha256:9fd7eca8dc3a6c27a11bc0f95dc1e91989ef592cca0ba7545629bd40cbae7aec
generated: "2025-12-17T21:46:06.500988+01:00"
